
Microsoft Visual Studio Solution File, Format Version 12.00
# Visual Studio Version 17
VisualStudioVersion = 17.14.36414.22 d17.14
MinimumVisualStudioVersion = 10.0.40219.1
Project("{FAE04EC0-301F-11D3-BF4B-00C04F79EFBC}") = "AcadeApp", "AcadeApp\AcadeApp.csproj", "{F10E3DF7-3076-4DE9-8975-C88BFDE64DEF}"
EndProject
Global
	GlobalSection(SolutionConfigurationPlatforms) = preSolution
		Debug|Any CPU = Debug|Any CPU
		Release|Any CPU = Release|Any CPU
	EndGlobalSection
	GlobalSection(ProjectConfigurationPlatforms) = postSolution
		{F10E3DF7-3076-4DE9-8975-C88BFDE64DEF}.Debug|Any CPU.ActiveCfg = Debug|Any CPU
		{F10E3DF7-3076-4DE9-8975-C88BFDE64DEF}.Debug|Any CPU.Build.0 = Debug|Any CPU
		{F10E3DF7-3076-4DE9-8975-C88BFDE64DEF}.Release|Any CPU.ActiveCfg = Release|Any CPU
		{F10E3DF7-3076-4DE9-8975-C88BFDE64DEF}.Release|Any CPU.Build.0 = Release|Any CPU
	EndGlobalSection
	GlobalSection(SolutionProperties) = preSolution
		HideSolutionNode = FALSE
	EndGlobalSection
	GlobalSection(ExtensibilityGlobals) = postSolution
		SolutionGuid = {36BAE95C-66B5-4EB8-9228-606840D9D780}
	EndGlobalSection
EndGlobal
